
Microsoft Visual Studio Solution File, Format Version 12.00
# Visual Studio Version 17
VisualStudioVersion = 17.5.002.0
MinimumVisualStudioVersion = 10.0.40219.1
Project("{9A19103F-16F7-4668-BE54-9A1E7A4F7556}") = "referral", "src\referral.csproj", "{6B0929E9-609F-487C-81AA-11F152E7B47A}"
EndProject
Project("{FAE04EC0-301F-11D3-BF4B-00C04F79EFBC}") = "Tests", "Tests\Tests.csproj", "{17072108-6643-4BD5-8699-C063079C33E7}"
EndProject
Global
	GlobalSection(SolutionConfigurationPlatforms) = preSolution
		Debug|Any CPU = Debug|Any CPU
		Release|Any CPU = Release|Any CPU
	EndGlobalSection
	GlobalSection(ProjectConfigurationPlatforms) = postSolution
		{6B0929E9-609F-487C-81AA-11F152E7B47A}.Debug|Any CPU.ActiveCfg = Debug|Any CPU
		{6B0929E9-609F-487C-81AA-11F152E7B47A}.Debug|Any CPU.Build.0 = Debug|Any CPU
		{6B0929E9-609F-487C-81AA-11F152E7B47A}.Release|Any CPU.ActiveCfg = Release|Any CPU
		{6B0929E9-609F-487C-81AA-11F152E7B47A}.Release|Any CPU.Build.0 = Release|Any CPU
		{17072108-6643-4BD5-8699-C063079C33E7}.Debug|Any CPU.ActiveCfg = Debug|Any CPU
		{17072108-6643-4BD5-8699-C063079C33E7}.Debug|Any CPU.Build.0 = Debug|Any CPU
		{17072108-6643-4BD5-8699-C063079C33E7}.Release|Any CPU.ActiveCfg = Release|Any CPU
		{17072108-6643-4BD5-8699-C063079C33E7}.Release|Any CPU.Build.0 = Release|Any CPU
	EndGlobalSection
	GlobalSection(SolutionProperties) = preSolution
		HideSolutionNode = FALSE
	EndGlobalSection
	GlobalSection(ExtensibilityGlobals) = postSolution
		SolutionGuid = {70279C0B-61DC-4199-845E-9AEA5B9C3191}
	EndGlobalSection
EndGlobal
